// !$*UTF8*$!
{
	archiveVersion = 1;
	classes = {
	};
	objectVersion = 51;
	objects = {

/* Begin PBXBuildFile section */
		30192779A0790B0AAE1D659B /* Pods_LastfmAlbums.framework in Frameworks */ = {isa = PBXBuildFile; fileRef = FD47745554E7B8D59203E913 /* Pods_LastfmAlbums.framework */; };
		76B1DE3B22F8838B0026DA40 /* Constants.swift in Sources */ = {isa = PBXBuildFile; fileRef = 76B1DDF622F8838A0026DA40 /* Constants.swift */; };
		76B1DE3C22F8838B0026DA40 /* JSONDecoder.swift in Sources */ = {isa = PBXBuildFile; fileRef = 76B1DDF722F8838A0026DA40 /* JSONDecoder.swift */; };
		76B1DE3D22F8838B0026DA40 /* Assets.xcassets in Resources */ = {isa = PBXBuildFile; fileRef = 76B1DDF822F8838A0026DA40 /* Assets.xcassets */; };
		76B1DE3E22F8838B0026DA40 /* LaunchScreen.storyboard in Resources */ = {isa = PBXBuildFile; fileRef = 76B1DDF922F8838A0026DA40 /* LaunchScreen.storyboard */; };
		76B1DE3F22F8838B0026DA40 /* AppDelegate.swift in Sources */ = {isa = PBXBuildFile; fileRef = 76B1DDFB22F8838A0026DA40 /* AppDelegate.swift */; };
		76B1DE4122F8838B0026DA40 /* BackendError.swift in Sources */ = {isa = PBXBuildFile; fileRef = 76B1DDFE22F8838A0026DA40 /* BackendError.swift */; };
		76B1DE4222F8838B0026DA40 /* ImageFile.swift in Sources */ = {isa = PBXBuildFile; fileRef = 76B1DDFF22F8838A0026DA40 /* ImageFile.swift */; };
		76B1DE4322F8838B0026DA40 /* StoryboardInitializable.swift in Sources */ = {isa = PBXBuildFile; fileRef = 76B1DE0022F8838A0026DA40 /* StoryboardInitializable.swift */; };
		76B1DE4522F8838B0026DA40 /* LoadingAnimation.swift in Sources */ = {isa = PBXBuildFile; fileRef = 76B1DE0222F8838A0026DA40 /* LoadingAnimation.swift */; };
		76B1DE4622F8838B0026DA40 /* TrackCell.swift in Sources */ = {isa = PBXBuildFile; fileRef = 76B1DE0422F8838A0026DA40 /* TrackCell.swift */; };
		76B1DE4722F8838B0026DA40 /* SelectButton.swift in Sources */ = {isa = PBXBuildFile; fileRef = 76B1DE0522F8838A0026DA40 /* SelectButton.swift */; };
		76B1DE4822F8838B0026DA40 /* ArtistInfoHeaderCell.swift in Sources */ = {isa = PBXBuildFile; fileRef = 76B1DE0622F8838A0026DA40 /* ArtistInfoHeaderCell.swift */; };
		76B1DE4922F8838B0026DA40 /* AlbumCell.swift in Sources */ = {isa = PBXBuildFile; fileRef = 76B1DE0722F8838A0026DA40 /* AlbumCell.swift */; };
		76B1DE4A22F8838B0026DA40 /* AlbumCell.xib in Resources */ = {isa = PBXBuildFile; fileRef = 76B1DE0822F8838A0026DA40 /* AlbumCell.xib */; };
		76B1DE4B22F8838B0026DA40 /* SelectAlbumButton.swift in Sources */ = {isa = PBXBuildFile; fileRef = 76B1DE0922F8838A0026DA40 /* SelectAlbumButton.swift */; };
		76B1DE4C22F8838B0026DA40 /* ArtistInfoHeaderCell.xib in Resources */ = {isa = PBXBuildFile; fileRef = 76B1DE0A22F8838A0026DA40 /* ArtistInfoHeaderCell.xib */; };
		76B1DE4D22F8838B0026DA40 /* ArtistCell.swift in Sources */ = {isa = PBXBuildFile; fileRef = 76B1DE0B22F8838A0026DA40 /* ArtistCell.swift */; };
		76B1DE4E22F8838B0026DA40 /* AlbumVcHeaderView.swift in Sources */ = {isa = PBXBuildFile; fileRef = 76B1DE0C22F8838A0026DA40 /* AlbumVcHeaderView.swift */; };
		76B1DE4F22F8838B0026DA40 /* ArtistCell.xib in Resources */ = {isa = PBXBuildFile; fileRef = 76B1DE0D22F8838A0026DA40 /* ArtistCell.xib */; };
		76B1DE5022F8838B0026DA40 /* TrackDTO.swift in Sources */ = {isa = PBXBuildFile; fileRef = 76B1DE1022F8838A0026DA40 /* TrackDTO.swift */; };
		76B1DE5122F8838B0026DA40 /* AlbumDTO.swift in Sources */ = {isa = PBXBuildFile; fileRef = 76B1DE1122F8838A0026DA40 /* AlbumDTO.swift */; };
		76B1DE5222F8838B0026DA40 /* ArtistDTO.swift in Sources */ = {isa = PBXBuildFile; fileRef = 76B1DE1222F8838A0026DA40 /* ArtistDTO.swift */; };
		76B1DE5322F8838B0026DA40 /* AlbumMO.swift in Sources */ = {isa = PBXBuildFile; fileRef = 76B1DE1422F8838A0026DA40 /* AlbumMO.swift */; };
		76B1DE5422F8838B0026DA40 /* AlbumFolks.xcdatamodeld in Sources */ = {isa = PBXBuildFile; fileRef = 76B1DE1522F8838A0026DA40 /* AlbumFolks.xcdatamodeld */; };
		76B1DE5522F8838B0026DA40 /* TrackMO.swift in Sources */ = {isa = PBXBuildFile; fileRef = 76B1DE1722F8838A0026DA40 /* TrackMO.swift */; };
		76B1DE5622F8838B0026DA40 /* ArtistMO.swift in Sources */ = {isa = PBXBuildFile; fileRef = 76B1DE1822F8838A0026DA40 /* ArtistMO.swift */; };
		76B1DE5722F8838B0026DA40 /* PersistenceController.swift in Sources */ = {isa = PBXBuildFile; fileRef = 76B1DE1922F8838A0026DA40 /* PersistenceController.swift */; };
		76B1DE5822F8838B0026DA40 /* ApiInteractor.swift in Sources */ = {isa = PBXBuildFile; fileRef = 76B1DE1A22F8838A0026DA40 /* ApiInteractor.swift */; };
		76B1DE5922F8838B0026DA40 /* PaginatedArtists.swift in Sources */ = {isa = PBXBuildFile; fileRef = 76B1DE1C22F8838A0026DA40 /* PaginatedArtists.swift */; };
		76B1DE5A22F8838B0026DA40 /* Track.swift in Sources */ = {isa = PBXBuildFile; fileRef = 76B1DE1D22F8838A0026DA40 /* Track.swift */; };
		76B1DE5B22F8838B0026DA40 /* AlbumInfo.swift in Sources */ = {isa = PBXBuildFile; fileRef = 76B1DE1E22F8838A0026DA40 /* AlbumInfo.swift */; };
		76B1DE5C22F8838B0026DA40 /* Album.swift in Sources */ = {isa = PBXBuildFile; fileRef = 76B1DE1F22F8838A0026DA40 /* Album.swift */; };
		76B1DE5D22F8838B0026DA40 /* Image.swift in Sources */ = {isa = PBXBuildFile; fileRef = 76B1DE2022F8838A0026DA40 /* Image.swift */; };
		76B1DE5E22F8838B0026DA40 /* Artist.swift in Sources */ = {isa = PBXBuildFile; fileRef = 76B1DE2122F8838B0026DA40 /* Artist.swift */; };
		76B1DE5F22F8838B0026DA40 /* Tag.swift in Sources */ = {isa = PBXBuildFile; fileRef = 76B1DE2222F8838B0026DA40 /* Tag.swift */; };
		76B1DE6022F8838B0026DA40 /* ArtistInfo.swift in Sources */ = {isa = PBXBuildFile; fileRef = 76B1DE2322F8838B0026DA40 /* ArtistInfo.swift */; };
		76B1DE6222F8838B0026DA40 /* SearchView.swift in Sources */ = {isa = PBXBuildFile; fileRef = 76B1DE2822F8838B0026DA40 /* SearchView.swift */; };
		76B1DE6322F8838B0026DA40 /* Search.storyboard in Resources */ = {isa = PBXBuildFile; fileRef = 76B1DE2922F8838B0026DA40 /* Search.storyboard */; };
		76B1DE6422F8838B0026DA40 /* SearchVC.swift in Sources */ = {isa = PBXBuildFile; fileRef = 76B1DE2A22F8838B0026DA40 /* SearchVC.swift */; };
		76B1DE6522F8838B0026DA40 /* SearchPresenter.swift in Sources */ = {isa = PBXBuildFile; fileRef = 76B1DE2B22F8838B0026DA40 /* SearchPresenter.swift */; };
		76B1DE6622F8838B0026DA40 /* StoredAlbumsPresenter.swift in Sources */ = {isa = PBXBuildFile; fileRef = 76B1DE2D22F8838B0026DA40 /* StoredAlbumsPresenter.swift */; };
		76B1DE6722F8838B0026DA40 /* StoredAlbumsVC.swift in Sources */ = {isa = PBXBuildFile; fileRef = 76B1DE2E22F8838B0026DA40 /* StoredAlbumsVC.swift */; };
		76B1DE6822F8838B0026DA40 /* StoredAlbumsView.swift in Sources */ = {isa = PBXBuildFile; fileRef = 76B1DE2F22F8838B0026DA40 /* StoredAlbumsView.swift */; };
		76B1DE6922F8838B0026DA40 /* StoredAlbums.storyboard in Resources */ = {isa = PBXBuildFile; fileRef = 76B1DE3022F8838B0026DA40 /* StoredAlbums.storyboard */; };
		76B1DE6A22F8838B0026DA40 /* AlbumVC.swift in Sources */ = {isa = PBXBuildFile; fileRef = 76B1DE3222F8838B0026DA40 /* AlbumVC.swift */; };
		76B1DE6B22F8838B0026DA40 /* AlbumView.swift in Sources */ = {isa = PBXBuildFile; fileRef = 76B1DE3322F8838B0026DA40 /* AlbumView.swift */; };
		76B1DE6C22F8838B0026DA40 /* Album.storyboard in Resources */ = {isa = PBXBuildFile; fileRef = 76B1DE3422F8838B0026DA40 /* Album.storyboard */; };
		76B1DE6D22F8838B0026DA40 /* AlbumPresenter.swift in Sources */ = {isa = PBXBuildFile; fileRef = 76B1DE3522F8838B0026DA40 /* AlbumPresenter.swift */; };
		76B1DE6E22F8838B0026DA40 /* ArtistAlbumsVC.swift in Sources */ = {isa = PBXBuildFile; fileRef = 76B1DE3722F8838B0026DA40 /* ArtistAlbumsVC.swift */; };
		76B1DE6F22F8838B0026DA40 /* ArtistAlbums.storyboard in Resources */ = {isa = PBXBuildFile; fileRef = 76B1DE3822F8838B0026DA40 /* ArtistAlbums.storyboard */; };
		76B1DE7022F8838B0026DA40 /* ArtistAlbumsPresenter.swift in Sources */ = {isa = PBXBuildFile; fileRef = 76B1DE3922F8838B0026DA40 /* ArtistAlbumsPresenter.swift */; };
		76B1DE7122F8838B0026DA40 /* ArtistAlbumsView.swift in Sources */ = {isa = PBXBuildFile; fileRef = 76B1DE3A22F8838B0026DA40 /* ArtistAlbumsView.swift */; };
/* End PBXBuildFile section */

/* Begin PBXFileReference section */
		76B1DDD422F882BB0026DA40 /* LastfmAlbums.app */ = {isa = PBXFileReference; explicitFileType = wrapper.application; includeInIndex = 0; path = LastfmAlbums.app; sourceTree = BUILT_PRODUCTS_DIR; };
		76B1DDF622F8838A0026DA40 /* Constants.swift */ = {isa = PBXFileReference; fileEncoding = 4; lastKnownFileType = sourcecode.swift; path = Constants.swift; sourceTree = "<group>"; };
		76B1DDF722F8838A0026DA40 /* JSONDecoder.swift */ = {isa = PBXFileReference; fileEncoding = 4; lastKnownFileType = sourcecode.swift; path = JSONDecoder.swift; sourceTree = "<group>"; };
		76B1DDF822F8838A0026DA40 /* Assets.xcassets */ = {isa = PBXFileReference; lastKnownFileType = folder.assetcatalog; path = Assets.xcassets; sourceTree = "<group>"; };
		76B1DDFA22F8838A0026DA40 /* Base */ = {isa = PBXFileReference; lastKnownFileType = file.storyboard; name = Base; path = Base.lproj/LaunchScreen.storyboard; sourceTree = "<group>"; };
		76B1DDFB22F8838A0026DA40 /* AppDelegate.swift */ = {isa = PBXFileReference; fileEncoding = 4; lastKnownFileType = sourcecode.swift; path = AppDelegate.swift; sourceTree = "<group>"; };
		76B1DDFE22F8838A0026DA40 /* BackendError.swift */ = {isa = PBXFileReference; fileEncoding = 4; lastKnownFileType = sourcecode.swift; path = BackendError.swift; sourceTree = "<group>"; };
		76B1DDFF22F8838A0026DA40 /* ImageFile.swift */ = {isa = PBXFileReference; fileEncoding = 4; lastKnownFileType = sourcecode.swift; path = ImageFile.swift; sourceTree = "<group>"; };
		76B1DE0022F8838A0026DA40 /* StoryboardInitializable.swift */ = {isa = PBXFileReference; fileEncoding = 4; lastKnownFileType = sourcecode.swift; path = StoryboardInitializable.swift; sourceTree = "<group>"; };
		76B1DE0222F8838A0026DA40 /* LoadingAnimation.swift */ = {isa = PBXFileReference; fileEncoding = 4; lastKnownFileType = sourcecode.swift; path = LoadingAnimation.swift; sourceTree = "<group>"; };
		76B1DE0422F8838A0026DA40 /* TrackCell.swift */ = {isa = PBXFileReference; fileEncoding = 4; lastKnownFileType = sourcecode.swift; path = TrackCell.swift; sourceTree = "<group>"; };
		76B1DE0522F8838A0026DA40 /* SelectButton.swift */ = {isa = PBXFileReference; fileEncoding = 4; lastKnownFileType = sourcecode.swift; path = SelectButton.swift; sourceTree = "<group>"; };
		76B1DE0622F8838A0026DA40 /* ArtistInfoHeaderCell.swift */ = {isa = PBXFileReference; fileEncoding = 4; lastKnownFileType = sourcecode.swift; path = ArtistInfoHeaderCell.swift; sourceTree = "<group>"; };
		76B1DE0722F8838A0026DA40 /* AlbumCell.swift */ = {isa = PBXFileReference; fileEncoding = 4; lastKnownFileType = sourcecode.swift; path = AlbumCell.swift; sourceTree = "<group>"; };
		76B1DE0822F8838A0026DA40 /* AlbumCell.xib */ = {isa = PBXFileReference; fileEncoding = 4; lastKnownFileType = file.xib; path = AlbumCell.xib; sourceTree = "<group>"; };
		76B1DE0922F8838A0026DA40 /* SelectAlbumButton.swift */ = {isa = PBXFileReference; fileEncoding = 4; lastKnownFileType = sourcecode.swift; path = SelectAlbumButton.swift; sourceTree = "<group>"; };
		76B1DE0A22F8838A0026DA40 /* ArtistInfoHeaderCell.xib */ = {isa = PBXFileReference; fileEncoding = 4; lastKnownFileType = file.xib; path = ArtistInfoHeaderCell.xib; sourceTree = "<group>"; };
		76B1DE0B22F8838A0026DA40 /* ArtistCell.swift */ = {isa = PBXFileReference; fileEncoding = 4; lastKnownFileType = sourcecode.swift; path = ArtistCell.swift; sourceTree = "<group>"; };
		76B1DE0C22F8838A0026DA40 /* AlbumVcHeaderView.swift */ = {isa = PBXFileReference; fileEncoding = 4; lastKnownFileType = sourcecode.swift; path = AlbumVcHeaderView.swift; sourceTree = "<group>"; };
		76B1DE0D22F8838A0026DA40 /* ArtistCell.xib */ = {isa = PBXFileReference; fileEncoding = 4; lastKnownFileType = file.xib; path = ArtistCell.xib; sourceTree = "<group>"; };
		76B1DE1022F8838A0026DA40 /* TrackDTO.swift */ = {isa = PBXFileReference; fileEncoding = 4; lastKnownFileType = sourcecode.swift; path = TrackDTO.swift; sourceTree = "<group>"; };
		76B1DE1122F8838A0026DA40 /* AlbumDTO.swift */ = {isa = PBXFileReference; fileEncoding = 4; lastKnownFileType = sourcecode.swift; path = AlbumDTO.swift; sourceTree = "<group>"; };
		76B1DE1222F8838A0026DA40 /* ArtistDTO.swift */ = {isa = PBXFileReference; fileEncoding = 4; lastKnownFileType = sourcecode.swift; path = ArtistDTO.swift; sourceTree = "<group>"; };
		76B1DE1422F8838A0026DA40 /* AlbumMO.swift */ = {isa = PBXFileReference; fileEncoding = 4; lastKnownFileType = sourcecode.swift; path = AlbumMO.swift; sourceTree = "<group>"; };
		76B1DE1622F8838A0026DA40 /* AlbumFolks.xcdatamodel */ = {isa = PBXFileReference; lastKnownFileType = wrapper.xcdatamodel; path = AlbumFolks.xcdatamodel; sourceTree = "<group>"; };
		76B1DE1722F8838A0026DA40 /* TrackMO.swift */ = {isa = PBXFileReference; fileEncoding = 4; lastKnownFileType = sourcecode.swift; path = TrackMO.swift; sourceTree = "<group>"; };
		76B1DE1822F8838A0026DA40 /* ArtistMO.swift */ = {isa = PBXFileReference; fileEncoding = 4; lastKnownFileType = sourcecode.swift; path = ArtistMO.swift; sourceTree = "<group>"; };
		76B1DE1922F8838A0026DA40 /* PersistenceController.swift */ = {isa = PBXFileReference; fileEncoding = 4; lastKnownFileType = sourcecode.swift; path = PersistenceController.swift; sourceTree = "<group>"; };
		76B1DE1A22F8838A0026DA40 /* ApiInteractor.swift */ = {isa = PBXFileReference; fileEncoding = 4; lastKnownFileType = sourcecode.swift; path = ApiInteractor.swift; sourceTree = "<group>"; };
		76B1DE1C22F8838A0026DA40 /* PaginatedArtists.swift */ = {isa = PBXFileReference; fileEncoding = 4; lastKnownFileType = sourcecode.swift; path = PaginatedArtists.swift; sourceTree = "<group>"; };
		76B1DE1D22F8838A0026DA40 /* Track.swift */ = {isa = PBXFileReference; fileEncoding = 4; lastKnownFileType = sourcecode.swift; path = Track.swift; sourceTree = "<group>"; };
		76B1DE1E22F8838A0026DA40 /* AlbumInfo.swift */ = {isa = PBXFileReference; fileEncoding = 4; lastKnownFileType = sourcecode.swift; path = AlbumInfo.swift; sourceTree = "<group>"; };
		76B1DE1F22F8838A0026DA40 /* Album.swift */ = {isa = PBXFileReference; fileEncoding = 4; lastKnownFileType = sourcecode.swift; path = Album.swift; sourceTree = "<group>"; };
		76B1DE2022F8838A0026DA40 /* Image.swift */ = {isa = PBXFileReference; fileEncoding = 4; lastKnownFileType = sourcecode.swift; path = Image.swift; sourceTree = "<group>"; };
		76B1DE2122F8838B0026DA40 /* Artist.swift */ = {isa = PBXFileReference; fileEncoding = 4; lastKnownFileType = sourcecode.swift; path = Artist.swift; sourceTree = "<group>"; };
		76B1DE2222F8838B0026DA40 /* Tag.swift */ = {isa = PBXFileReference; fileEncoding = 4; lastKnownFileType = sourcecode.swift; path = Tag.swift; sourceTree = "<group>"; };
		76B1DE2322F8838B0026DA40 /* ArtistInfo.swift */ = {isa = PBXFileReference; fileEncoding = 4; lastKnownFileType = sourcecode.swift; path = ArtistInfo.swift; sourceTree = "<group>"; };
		76B1DE2522F8838B0026DA40 /* Info.plist */ = {isa = PBXFileReference; fileEncoding = 4; lastKnownFileType = text.plist.xml; path = Info.plist; sourceTree = "<group>"; };
		76B1DE2822F8838B0026DA40 /* SearchView.swift */ = {isa = PBXFileReference; fileEncoding = 4; lastKnownFileType = sourcecode.swift; path = SearchView.swift; sourceTree = "<group>"; };
		76B1DE2922F8838B0026DA40 /* Search.storyboard */ = {isa = PBXFileReference; fileEncoding = 4; lastKnownFileType = file.storyboard; path = Search.storyboard; sourceTree = "<group>"; };
		76B1DE2A22F8838B0026DA40 /* SearchVC.swift */ = {isa = PBXFileReference; fileEncoding = 4; lastKnownFileType = sourcecode.swift; path = SearchVC.swift; sourceTree = "<group>"; };
		76B1DE2B22F8838B0026DA40 /* SearchPresenter.swift */ = {isa = PBXFileReference; fileEncoding = 4; lastKnownFileType = sourcecode.swift; path = SearchPresenter.swift; sourceTree = "<group>"; };
		76B1DE2D22F8838B0026DA40 /* StoredAlbumsPresenter.swift */ = {isa = PBXFileReference; fileEncoding = 4; lastKnownFileType = sourcecode.swift; path = StoredAlbumsPresenter.swift; sourceTree = "<group>"; };
		76B1DE2E22F8838B0026DA40 /* StoredAlbumsVC.swift */ = {isa = PBXFileReference; fileEncoding = 4; lastKnownFileType = sourcecode.swift; path = StoredAlbumsVC.swift; sourceTree = "<group>"; };
		76B1DE2F22F8838B0026DA40 /* StoredAlbumsView.swift */ = {isa = PBXFileReference; fileEncoding = 4; lastKnownFileType = sourcecode.swift; path = StoredAlbumsView.swift; sourceTree = "<group>"; };
		76B1DE3022F8838B0026DA40 /* StoredAlbums.storyboard */ = {isa = PBXFileReference; fileEncoding = 4; lastKnownFileType = file.storyboard; path = StoredAlbums.storyboard; sourceTree = "<group>"; };
		76B1DE3222F8838B0026DA40 /* AlbumVC.swift */ = {isa = PBXFileReference; fileEncoding = 4; lastKnownFileType = sourcecode.swift; path = AlbumVC.swift; sourceTree = "<group>"; };
		76B1DE3322F8838B0026DA40 /* AlbumView.swift */ = {isa = PBXFileReference; fileEncoding = 4; lastKnownFileType = sourcecode.swift; path = AlbumView.swift; sourceTree = "<group>"; };
		76B1DE3422F8838B0026DA40 /* Album.storyboard */ = {isa = PBXFileReference; fileEncoding = 4; lastKnownFileType = file.storyboard; path = Album.storyboard; sourceTree = "<group>"; };
		76B1DE3522F8838B0026DA40 /* AlbumPresenter.swift */ = {isa = PBXFileReference; fileEncoding = 4; lastKnownFileType = sourcecode.swift; path = AlbumPresenter.swift; sourceTree = "<group>"; };
		76B1DE3722F8838B0026DA40 /* ArtistAlbumsVC.swift */ = {isa = PBXFileReference; fileEncoding = 4; lastKnownFileType = sourcecode.swift; path = ArtistAlbumsVC.swift; sourceTree = "<group>"; };
		76B1DE3822F8838B0026DA40 /* ArtistAlbums.storyboard */ = {isa = PBXFileReference; fileEncoding = 4; lastKnownFileType = file.storyboard; path = ArtistAlbums.storyboard; sourceTree = "<group>"; };
		76B1DE3922F8838B0026DA40 /* ArtistAlbumsPresenter.swift */ = {isa = PBXFileReference; fileEncoding = 4; lastKnownFileType = sourcecode.swift; path = ArtistAlbumsPresenter.swift; sourceTree = "<group>"; };
		76B1DE3A22F8838B0026DA40 /* ArtistAlbumsView.swift */ = {isa = PBXFileReference; fileEncoding = 4; lastKnownFileType = sourcecode.swift; path = ArtistAlbumsView.swift; sourceTree = "<group>"; };
		8027D1D060ADE303120DDE36 /* Pods-LastfmAlbums.debug.xcconfig */ = {isa = PBXFileReference; includeInIndex = 1; lastKnownFileType = text.xcconfig; name = "Pods-LastfmAlbums.debug.xcconfig"; path = "Target Support Files/Pods-LastfmAlbums/Pods-LastfmAlbums.debug.xcconfig"; sourceTree = "<group>"; };
		B52450D48C7723B1CC6632CF /* Pods-LastfmAlbums.release.xcconfig */ = {isa = PBXFileReference; includeInIndex = 1; lastKnownFileType = text.xcconfig; name = "Pods-LastfmAlbums.release.xcconfig"; path = "Target Support Files/Pods-LastfmAlbums/Pods-LastfmAlbums.release.xcconfig"; sourceTree = "<group>"; };
		FD47745554E7B8D59203E913 /* Pods_LastfmAlbums.framework */ = {isa = PBXFileReference; explicitFileType = wrapper.framework; includeInIndex = 0; path = Pods_LastfmAlbums.framework; sourceTree = BUILT_PRODUCTS_DIR; };
/* End PBXFileReference section */

/* Begin PBXFrameworksBuildPhase section */
		76B1DDD122F882BB0026DA40 /* Frameworks */ = {
			isa = PBXFrameworksBuildPhase;
			buildActionMask = 2147483647;
			files = (
				30192779A0790B0AAE1D659B /* Pods_LastfmAlbums.framework in Frameworks */,
			);
			runOnlyForDeploymentPostprocessing = 0;
		};
/* End PBXFrameworksBuildPhase section */

/* Begin PBXGroup section */
		3FA1623E6617940952495E68 /* Pods */ = {
			isa = PBXGroup;
			children = (
				8027D1D060ADE303120DDE36 /* Pods-LastfmAlbums.debug.xcconfig */,
				B52450D48C7723B1CC6632CF /* Pods-LastfmAlbums.release.xcconfig */,
			);
			path = Pods;
			sourceTree = "<group>";
		};
		425316E8125F381753EEF693 /* Frameworks */ = {
			isa = PBXGroup;
			children = (
				FD47745554E7B8D59203E913 /* Pods_LastfmAlbums.framework */,
			);
			name = Frameworks;
			sourceTree = "<group>";
		};
		76B1DDCB22F882BB0026DA40 = {
			isa = PBXGroup;
			children = (
				76B1DDD622F882BB0026DA40 /* LastfmAlbums */,
				76B1DDD522F882BB0026DA40 /* Products */,
				3FA1623E6617940952495E68 /* Pods */,
				425316E8125F381753EEF693 /* Frameworks */,
			);
			sourceTree = "<group>";
		};
		76B1DDD522F882BB0026DA40 /* Products */ = {
			isa = PBXGroup;
			children = (
				76B1DDD422F882BB0026DA40 /* LastfmAlbums.app */,
			);
			name = Products;
			sourceTree = "<group>";
		};
		76B1DDD622F882BB0026DA40 /* LastfmAlbums */ = {
			isa = PBXGroup;
			children = (
				76B1DE2422F8838B0026DA40 /* Base.lproj */,
				76B1DE2522F8838B0026DA40 /* Info.plist */,
				76B1DE0E22F8838A0026DA40 /* Models */,
				76B1DE2622F8838B0026DA40 /* Screens */,
				76B1DDF522F8838A0026DA40 /* Supporting Files */,
				76B1DE0322F8838A0026DA40 /* Views */,
			);
			path = LastfmAlbums;
			sourceTree = "<group>";
		};
		76B1DDF522F8838A0026DA40 /* Supporting Files */ = {
			isa = PBXGroup;
			children = (
				76B1DDF622F8838A0026DA40 /* Constants.swift */,
				76B1DDF722F8838A0026DA40 /* JSONDecoder.swift */,
				76B1DDF822F8838A0026DA40 /* Assets.xcassets */,
				76B1DDF922F8838A0026DA40 /* LaunchScreen.storyboard */,
				76B1DDFB22F8838A0026DA40 /* AppDelegate.swift */,
				76B1DDFC22F8838A0026DA40 /* Helpers */,
			);
			path = "Supporting Files";
			sourceTree = "<group>";
		};
		76B1DDFC22F8838A0026DA40 /* Helpers */ = {
			isa = PBXGroup;
			children = (
				76B1DDFE22F8838A0026DA40 /* BackendError.swift */,
				76B1DDFF22F8838A0026DA40 /* ImageFile.swift */,
				76B1DE0022F8838A0026DA40 /* StoryboardInitializable.swift */,
				76B1DE0222F8838A0026DA40 /* LoadingAnimation.swift */,
			);
			path = Helpers;
			sourceTree = "<group>";
		};
		76B1DE0322F8838A0026DA40 /* Views */ = {
			isa = PBXGroup;
			children = (
				76B1DE0422F8838A0026DA40 /* TrackCell.swift */,
				76B1DE0522F8838A0026DA40 /* SelectButton.swift */,
				76B1DE0622F8838A0026DA40 /* ArtistInfoHeaderCell.swift */,
				76B1DE0722F8838A0026DA40 /* AlbumCell.swift */,
				76B1DE0822F8838A0026DA40 /* AlbumCell.xib */,
				76B1DE0922F8838A0026DA40 /* SelectAlbumButton.swift */,
				76B1DE0A22F8838A0026DA40 /* ArtistInfoHeaderCell.xib */,
				76B1DE0B22F8838A0026DA40 /* ArtistCell.swift */,
				76B1DE0C22F8838A0026DA40 /* AlbumVcHeaderView.swift */,
				76B1DE0D22F8838A0026DA40 /* ArtistCell.xib */,
			);
			path = Views;
			sourceTree = "<group>";
		};
		76B1DE0E22F8838A0026DA40 /* Models */ = {
			isa = PBXGroup;
			children = (
				76B1DE0F22F8838A0026DA40 /* DTO */,
				76B1DE1322F8838A0026DA40 /* Database */,
				76B1DE1A22F8838A0026DA40 /* ApiInteractor.swift */,
				76B1DE1B22F8838A0026DA40 /* Api */,
			);
			path = Models;
			sourceTree = "<group>";
		};
		76B1DE0F22F8838A0026DA40 /* DTO */ = {
			isa = PBXGroup;
			children = (
				76B1DE1022F8838A0026DA40 /* TrackDTO.swift */,
				76B1DE1122F8838A0026DA40 /* AlbumDTO.swift */,
				76B1DE1222F8838A0026DA40 /* ArtistDTO.swift */,
			);
			path = DTO;
			sourceTree = "<group>";
		};
		76B1DE1322F8838A0026DA40 /* Database */ = {
			isa = PBXGroup;
			children = (
				76B1DE1422F8838A0026DA40 /* AlbumMO.swift */,
				76B1DE1522F8838A0026DA40 /* AlbumFolks.xcdatamodeld */,
				76B1DE1722F8838A0026DA40 /* TrackMO.swift */,
				76B1DE1822F8838A0026DA40 /* ArtistMO.swift */,
				76B1DE1922F8838A0026DA40 /* PersistenceController.swift */,
			);
			path = Database;
			sourceTree = "<group>";
		};
		76B1DE1B22F8838A0026DA40 /* Api */ = {
			isa = PBXGroup;
			children = (
				76B1DE1C22F8838A0026DA40 /* PaginatedArtists.swift */,
				76B1DE1D22F8838A0026DA40 /* Track.swift */,
				76B1DE1E22F8838A0026DA40 /* AlbumInfo.swift */,
				76B1DE1F22F8838A0026DA40 /* Album.swift */,
				76B1DE2022F8838A0026DA40 /* Image.swift */,
				76B1DE2122F8838B0026DA40 /* Artist.swift */,
				76B1DE2222F8838B0026DA40 /* Tag.swift */,
				76B1DE2322F8838B0026DA40 /* ArtistInfo.swift */,
			);
			path = Api;
			sourceTree = "<group>";
		};
		76B1DE2422F8838B0026DA40 /* Base.lproj */ = {
			isa = PBXGroup;
			children = (
			);
			path = Base.lproj;
			sourceTree = "<group>";
		};
		76B1DE2622F8838B0026DA40 /* Screens */ = {
			isa = PBXGroup;
			children = (
				76B1DE2722F8838B0026DA40 /* Search */,
				76B1DE2C22F8838B0026DA40 /* StoredAlbums */,
				76B1DE3122F8838B0026DA40 /* AlbumDetails */,
				76B1DE3622F8838B0026DA40 /* Albums */,
			);
			path = Screens;
			sourceTree = "<group>";
		};
		76B1DE2722F8838B0026DA40 /* Search */ = {
			isa = PBXGroup;
			children = (
				76B1DE2822F8838B0026DA40 /* SearchView.swift */,
				76B1DE2922F8838B0026DA40 /* Search.storyboard */,
				76B1DE2A22F8838B0026DA40 /* SearchVC.swift */,
				76B1DE2B22F8838B0026DA40 /* SearchPresenter.swift */,
			);
			path = Search;
			sourceTree = "<group>";
		};
		76B1DE2C22F8838B0026DA40 /* StoredAlbums */ = {
			isa = PBXGroup;
			children = (
				76B1DE2D22F8838B0026DA40 /* StoredAlbumsPresenter.swift */,
				76B1DE2E22F8838B0026DA40 /* StoredAlbumsVC.swift */,
				76B1DE2F22F8838B0026DA40 /* StoredAlbumsView.swift */,
				76B1DE3022F8838B0026DA40 /* StoredAlbums.storyboard */,
			);
			path = StoredAlbums;
			sourceTree = "<group>";
		};
		76B1DE3122F8838B0026DA40 /* AlbumDetails */ = {
			isa = PBXGroup;
			children = (
				76B1DE3222F8838B0026DA40 /* AlbumVC.swift */,
				76B1DE3322F8838B0026DA40 /* AlbumView.swift */,
				76B1DE3422F8838B0026DA40 /* Album.storyboard */,
				76B1DE3522F8838B0026DA40 /* AlbumPresenter.swift */,
			);
			path = AlbumDetails;
			sourceTree = "<group>";
		};
		76B1DE3622F8838B0026DA40 /* Albums */ = {
			isa = PBXGroup;
			children = (
				76B1DE3722F8838B0026DA40 /* ArtistAlbumsVC.swift */,
				76B1DE3822F8838B0026DA40 /* ArtistAlbums.storyboard */,
				76B1DE3922F8838B0026DA40 /* ArtistAlbumsPresenter.swift */,
				76B1DE3A22F8838B0026DA40 /* ArtistAlbumsView.swift */,
			);
			path = Albums;
			sourceTree = "<group>";
		};
/* End PBXGroup section */

/* Begin PBXNativeTarget section */
		76B1DDD322F882BB0026DA40 /* LastfmAlbums */ = {
			isa = PBXNativeTarget;
			buildConfigurationList = 76B1DDE622F882BD0026DA40 /* Build configuration list for PBXNativeTarget "LastfmAlbums" */;
			buildPhases = (
				093B1CF860692B40358B270B /* [CP] Check Pods Manifest.lock */,
				76B1DDD022F882BB0026DA40 /* Sources */,
				76B1DDD122F882BB0026DA40 /* Frameworks */,
				76B1DDD222F882BB0026DA40 /* Resources */,
				3B08E01E70BB5A042E8F3920 /* [CP] Embed Pods Frameworks */,
			);
			buildRules = (
			);
			dependencies = (
			);
			name = LastfmAlbums;
			productName = LastfmAlbums;
			productReference = 76B1DDD422F882BB0026DA40 /* LastfmAlbums.app */;
			productType = "com.apple.product-type.application";
		};
/* End PBXNativeTarget section */

/* Begin PBXProject section */
		76B1DDCC22F882BB0026DA40 /* Project object */ = {
			isa = PBXProject;
			attributes = {
				LastSwiftUpdateCheck = 1030;
				LastUpgradeCheck = 1030;
				ORGANIZATIONNAME = "Viacheslav Kulish";
				TargetAttributes = {
					76B1DDD322F882BB0026DA40 = {
						CreatedOnToolsVersion = 10.3;
					};
				};
			};
			buildConfigurationList = 76B1DDCF22F882BB0026DA40 /* Build configuration list for PBXProject "LastfmAlbums" */;
			compatibilityVersion = "Xcode 9.3";
			developmentRegion = en;
			hasScannedForEncodings = 0;
			knownRegions = (
				en,
				Base,
			);
			mainGroup = 76B1DDCB22F882BB0026DA40;
			productRefGroup = 76B1DDD522F882BB0026DA40 /* Products */;
			projectDirPath = "";
			projectRoot = "";
			targets = (
				76B1DDD322F882BB0026DA40 /* LastfmAlbums */,
			);
		};
/* End PBXProject section */

/* Begin PBXResourcesBuildPhase section */
		76B1DDD222F882BB0026DA40 /* Resources */ = {
			isa = PBXResourcesBuildPhase;
			buildActionMask = 2147483647;
			files = (
				76B1DE4F22F8838B0026DA40 /* ArtistCell.xib in Resources */,
				76B1DE3D22F8838B0026DA40 /* Assets.xcassets in Resources */,
				76B1DE6922F8838B0026DA40 /* StoredAlbums.storyboard in Resources */,
				76B1DE4C22F8838B0026DA40 /* ArtistInfoHeaderCell.xib in Resources */,
				76B1DE6322F8838B0026DA40 /* Search.storyboard in Resources */,
				76B1DE4A22F8838B0026DA40 /* AlbumCell.xib in Resources */,
				76B1DE6F22F8838B0026DA40 /* ArtistAlbums.storyboard in Resources */,
				76B1DE3E22F8838B0026DA40 /* LaunchScreen.storyboard in Resources */,
				76B1DE6C22F8838B0026DA40 /* Album.storyboard in Resources */,
			);
			runOnlyForDeploymentPostprocessing = 0;
		};
/* End PBXResourcesBuildPhase section */

/* Begin PBXShellScriptBuildPhase section */
		093B1CF860692B40358B270B /* [CP] Check Pods Manifest.lock */ = {
			isa = PBXShellScriptBuildPhase;
			buildActionMask = 2147483647;
			files = (
			);
			inputFileListPaths = (
			);
			inputPaths = (
				"${PODS_PODFILE_DIR_PATH}/Podfile.lock",
				"${PODS_ROOT}/Manifest.lock",
			);
			name = "[CP] Check Pods Manifest.lock";
			outputFileListPaths = (
			);
			outputPaths = (
				"$(DERIVED_FILE_DIR)/Pods-LastfmAlbums-checkManifestLockResult.txt",
			);
			runOnlyForDeploymentPostprocessing = 0;
			shellPath = /bin/sh;
			shellScript = "diff \"${PODS_PODFILE_DIR_PATH}/Podfile.lock\" \"${PODS_ROOT}/Manifest.lock\" > /dev/null\nif [ $? != 0 ] ; then\n    # print error to STDERR\n    echo \"error: The sandbox is not in sync with the Podfile.lock. Run 'pod install' or update your CocoaPods installation.\" >&2\n    exit 1\nfi\n# This output is used by Xcode 'outputs' to avoid re-running this script phase.\necho \"SUCCESS\" > \"${SCRIPT_OUTPUT_FILE_0}\"\n";
			showEnvVarsInLog = 0;
		};
		3B08E01E70BB5A042E8F3920 /* [CP] Embed Pods Frameworks */ = {
			isa = PBXShellScriptBuildPhase;
			buildActionMask = 2147483647;
			files = (
			);
			inputFileListPaths = (
				"${PODS_ROOT}/Target Support Files/Pods-LastfmAlbums/Pods-LastfmAlbums-frameworks-${CONFIGURATION}-input-files.xcfilelist",
			);
			name = "[CP] Embed Pods Frameworks";
			outputFileListPaths = (
				"${PODS_ROOT}/Target Support Files/Pods-LastfmAlbums/Pods-LastfmAlbums-frameworks-${CONFIGURATION}-output-files.xcfilelist",
			);
			runOnlyForDeploymentPostprocessing = 0;
			shellPath = /bin/sh;
			shellScript = "\"${PODS_ROOT}/Target Support Files/Pods-LastfmAlbums/Pods-LastfmAlbums-frameworks.sh\"\n";
			showEnvVarsInLog = 0;
		};
/* End PBXShellScriptBuildPhase section */

/* Begin PBXSourcesBuildPhase section */
		76B1DDD022F882BB0026DA40 /* Sources */ = {
			isa = PBXSourcesBuildPhase;
			buildActionMask = 2147483647;
			files = (
				76B1DE5F22F8838B0026DA40 /* Tag.swift in Sources */,
				76B1DE4E22F8838B0026DA40 /* AlbumVcHeaderView.swift in Sources */,
				76B1DE6522F8838B0026DA40 /* SearchPresenter.swift in Sources */,
				76B1DE5322F8838B0026DA40 /* AlbumMO.swift in Sources */,
				76B1DE5C22F8838B0026DA40 /* Album.swift in Sources */,
				76B1DE4322F8838B0026DA40 /* StoryboardInitializable.swift in Sources */,
				76B1DE7122F8838B0026DA40 /* ArtistAlbumsView.swift in Sources */,
				76B1DE4922F8838B0026DA40 /* AlbumCell.swift in Sources */,
				76B1DE6422F8838B0026DA40 /* SearchVC.swift in Sources */,
				76B1DE6222F8838B0026DA40 /* SearchView.swift in Sources */,
				76B1DE5422F8838B0026DA40 /* AlbumFolks.xcdatamodeld in Sources */,
				76B1DE6022F8838B0026DA40 /* ArtistInfo.swift in Sources */,
				76B1DE3F22F8838B0026DA40 /* AppDelegate.swift in Sources */,
				76B1DE5222F8838B0026DA40 /* ArtistDTO.swift in Sources */,
				76B1DE5822F8838B0026DA40 /* ApiInteractor.swift in Sources */,
				76B1DE4722F8838B0026DA40 /* SelectButton.swift in Sources */,
				76B1DE6E22F8838B0026DA40 /* ArtistAlbumsVC.swift in Sources */,
				76B1DE7022F8838B0026DA40 /* ArtistAlbumsPresenter.swift in Sources */,
				76B1DE4522F8838B0026DA40 /* LoadingAnimation.swift in Sources */,
				76B1DE4822F8838B0026DA40 /* ArtistInfoHeaderCell.swift in Sources */,
				76B1DE4122F8838B0026DA40 /* BackendError.swift in Sources */,
				76B1DE4D22F8838B0026DA40 /* ArtistCell.swift in Sources */,
				76B1DE5A22F8838B0026DA40 /* Track.swift in Sources */,
				76B1DE6B22F8838B0026DA40 /* AlbumView.swift in Sources */,
				76B1DE5B22F8838B0026DA40 /* AlbumInfo.swift in Sources */,
				76B1DE4622F8838B0026DA40 /* TrackCell.swift in Sources */,
				76B1DE5122F8838B0026DA40 /* AlbumDTO.swift in Sources */,
				76B1DE5D22F8838B0026DA40 /* Image.swift in Sources */,
				76B1DE6822F8838B0026DA40 /* StoredAlbumsView.swift in Sources */,
				76B1DE6A22F8838B0026DA40 /* AlbumVC.swift in Sources */,
				76B1DE5722F8838B0026DA40 /* PersistenceController.swift in Sources */,
				76B1DE5522F8838B0026DA40 /* TrackMO.swift in Sources */,
				76B1DE6622F8838B0026DA40 /* StoredAlbumsPresenter.swift in Sources */,
				76B1DE4222F8838B0026DA40 /* ImageFile.swift in Sources */,
				76B1DE5022F8838B0026DA40 /* TrackDTO.swift in Sources */,
				76B1DE5E22F8838B0026DA40 /* Artist.swift in Sources */,
				76B1DE6D22F8838B0026DA40 /* AlbumPresenter.swift in Sources */,
				76B1DE3C22F8838B0026DA40 /* JSONDecoder.swift in Sources */,
				76B1DE5622F8838B0026DA40 /* ArtistMO.swift in Sources */,
				76B1DE6722F8838B0026DA40 /* StoredAlbumsVC.swift in Sources */,
				76B1DE3B22F8838B0026DA40 /* Constants.swift in Sources */,
				76B1DE5922F8838B0026DA40 /* PaginatedArtists.swift in Sources */,
				76B1DE4B22F8838B0026DA40 /* SelectAlbumButton.swift in Sources */,
			);
			runOnlyForDeploymentPostprocessing = 0;
		};
/* End PBXSourcesBuildPhase section */

/* Begin PBXVariantGroup section */
		76B1DDF922F8838A0026DA40 /* LaunchScreen.storyboard */ = {
			isa = PBXVariantGroup;
			children = (
				76B1DDFA22F8838A0026DA40 /* Base */,
			);
			name = LaunchScreen.storyboard;
			sourceTree = "<group>";
		};
/* End PBXVariantGroup section */

/* Begin XCBuildConfiguration section */
		76B1DDE422F882BD0026DA40 /* Debug */ = {
			isa = XCBuildConfiguration;
			buildSettings = {
				ALWAYS_SEARCH_USER_PATHS = NO;
				CLANG_ANALYZER_NONNULL = YES;
				CLANG_ANALYZER_NUMBER_OBJECT_CONVERSION = YES_AGGRESSIVE;
				CLANG_CXX_LANGUAGE_STANDARD = "gnu++14";
				CLANG_CXX_LIBRARY = "libc++";
				CLANG_ENABLE_MODULES = YES;
				CLANG_ENABLE_OBJC_ARC = YES;
				CLANG_ENABLE_OBJC_WEAK = YES;
				CLANG_WARN_BLOCK_CAPTURE_AUTORELEASING = YES;
				CLANG_WARN_BOOL_CONVERSION = YES;
				CLANG_WARN_COMMA = YES;
				CLANG_WARN_CONSTANT_CONVERSION = YES;
				CLANG_WARN_DEPRECATED_OBJC_IMPLEMENTATIONS = YES;
				CLANG_WARN_DIRECT_OBJC_ISA_USAGE = YES_ERROR;
				CLANG_WARN_DOCUMENTATION_COMMENTS = YES;
				CLANG_WARN_EMPTY_BODY = YES;
				CLANG_WARN_ENUM_CONVERSION = YES;
				CLANG_WARN_INFINITE_RECURSION = YES;
				CLANG_WARN_INT_CONVERSION = YES;
				CLANG_WARN_NON_LITERAL_NULL_CONVERSION = YES;
				CLANG_WARN_OBJC_IMPLICIT_RETAIN_SELF = YES;
				CLANG_WARN_OBJC_LITERAL_CONVERSION = YES;
				CLANG_WARN_OBJC_ROOT_CLASS = YES_ERROR;
				CLANG_WARN_RANGE_LOOP_ANALYSIS = YES;
				CLANG_WARN_STRICT_PROTOTYPES = YES;
				CLANG_WARN_SUSPICIOUS_MOVE = YES;
				CLANG_WARN_UNGUARDED_AVAILABILITY = YES_AGGRESSIVE;
				CLANG_WARN_UNREACHABLE_CODE = YES;
				CLANG_WARN__DUPLICATE_METHOD_MATCH = YES;
				CODE_SIGN_IDENTITY = "iPhone Developer";
				COPY_PHASE_STRIP = NO;
				DEBUG_INFORMATION_FORMAT = dwarf;
				ENABLE_STRICT_OBJC_MSGSEND = YES;
				ENABLE_TESTABILITY = YES;
				GCC_C_LANGUAGE_STANDARD = gnu11;
				GCC_DYNAMIC_NO_PIC = NO;
				GCC_NO_COMMON_BLOCKS = YES;
				GCC_OPTIMIZATION_LEVEL = 0;
				GCC_PREPROCESSOR_DEFINITIONS = (
					"DEBUG=1",
					"$(inherited)",
				);
				GCC_WARN_64_TO_32_BIT_CONVERSION = YES;
				GCC_WARN_ABOUT_RETURN_TYPE = YES_ERROR;
				GCC_WARN_UNDECLARED_SELECTOR = YES;
				GCC_WARN_UNINITIALIZED_AUTOS = YES_AGGRESSIVE;
				GCC_WARN_UNUSED_FUNCTION = YES;
				GCC_WARN_UNUSED_VARIABLE = YES;
				IPHONEOS_DEPLOYMENT_TARGET = 10.0;
				MTL_ENABLE_DEBUG_INFO = INCLUDE_SOURCE;
				MTL_FAST_MATH = YES;
				ONLY_ACTIVE_ARCH = YES;
				SDKROOT = iphoneos;
				SWIFT_ACTIVE_COMPILATION_CONDITIONS = DEBUG;
				SWIFT_OPTIMIZATION_LEVEL = "-Onone";
			};
			name = Debug;
		};
		76B1DDE522F882BD0026DA40 /* Release */ = {
			isa = XCBuildConfiguration;
			buildSettings = {
				ALWAYS_SEARCH_USER_PATHS = NO;
				CLANG_ANALYZER_NONNULL = YES;
				CLANG_ANALYZER_NUMBER_OBJECT_CONVERSION = YES_AGGRESSIVE;
				CLANG_CXX_LANGUAGE_STANDARD = "gnu++14";
				CLANG_CXX_LIBRARY = "libc++";
				CLANG_ENABLE_MODULES = YES;
				CLANG_ENABLE_OBJC_ARC = YES;
				CLANG_ENABLE_OBJC_WEAK = YES;
				CLANG_WARN_BLOCK_CAPTURE_AUTORELEASING = YES;
				CLANG_WARN_BOOL_CONVERSION = YES;
				CLANG_WARN_COMMA = YES;
				CLANG_WARN_CONSTANT_CONVERSION = YES;
				CLANG_WARN_DEPRECATED_OBJC_IMPLEMENTATIONS = YES;
				CLANG_WARN_DIRECT_OBJC_ISA_USAGE = YES_ERROR;
				CLANG_WARN_DOCUMENTATION_COMMENTS = YES;
				CLANG_WARN_EMPTY_BODY = YES;
				CLANG_WARN_ENUM_CONVERSION = YES;
				CLANG_WARN_INFINITE_RECURSION = YES;
				CLANG_WARN_INT_CONVERSION = YES;
				CLANG_WARN_NON_LITERAL_NULL_CONVERSION = YES;
				CLANG_WARN_OBJC_IMPLICIT_RETAIN_SELF = YES;
				CLANG_WARN_OBJC_LITERAL_CONVERSION = YES;
				CLANG_WARN_OBJC_ROOT_CLASS = YES_ERROR;
				CLANG_WARN_RANGE_LOOP_ANALYSIS = YES;
				CLANG_WARN_STRICT_PROTOTYPES = YES;
				CLANG_WARN_SUSPICIOUS_MOVE = YES;
				CLANG_WARN_UNGUARDED_AVAILABILITY = YES_AGGRESSIVE;
				CLANG_WARN_UNREACHABLE_CODE = YES;
				CLANG_WARN__DUPLICATE_METHOD_MATCH = YES;
				CODE_SIGN_IDENTITY = "iPhone Developer";
				COPY_PHASE_STRIP = NO;
				DEBUG_INFORMATION_FORMAT = "dwarf-with-dsym";
				ENABLE_NS_ASSERTIONS = NO;
				ENABLE_STRICT_OBJC_MSGSEND = YES;
				GCC_C_LANGUAGE_STANDARD = gnu11;
				GCC_NO_COMMON_BLOCKS = YES;
				GCC_WARN_64_TO_32_BIT_CONVERSION = YES;
				GCC_WARN_ABOUT_RETURN_TYPE = YES_ERROR;
				GCC_WARN_UNDECLARED_SELECTOR = YES;
				GCC_WARN_UNINITIALIZED_AUTOS = YES_AGGRESSIVE;
				GCC_WARN_UNUSED_FUNCTION = YES;
				GCC_WARN_UNUSED_VARIABLE = YES;
				IPHONEOS_DEPLOYMENT_TARGET = 10.0;
				MTL_ENABLE_DEBUG_INFO = NO;
				MTL_FAST_MATH = YES;
				SDKROOT = iphoneos;
				SWIFT_COMPILATION_MODE = wholemodule;
				SWIFT_OPTIMIZATION_LEVEL = "-O";
				VALIDATE_PRODUCT = YES;
			};
			name = Release;
		};
		76B1DDE722F882BD0026DA40 /* Debug */ = {
			isa = XCBuildConfiguration;
			baseConfigurationReference = 8027D1D060ADE303120DDE36 /* Pods-LastfmAlbums.debug.xcconfig */;
			buildSettings = {
				ASSETCATALOG_COMPILER_APPICON_NAME = AppIcon;
				CODE_SIGN_STYLE = Automatic;
				DEVELOPMENT_TEAM = Y393JRR992;
				INFOPLIST_FILE = LastfmAlbums/Info.plist;
				IPHONEOS_DEPLOYMENT_TARGET = 10.0;
				LD_RUNPATH_SEARCH_PATHS = (
					"$(inherited)",
					"@executable_path/Frameworks",
				);
				PRODUCT_BUNDLE_IDENTIFIER = com.vcoolish.LastfmAlbums;
				PRODUCT_NAME = "$(TARGET_NAME)";
				SWIFT_VERSION = 5.0;
				TARGETED_DEVICE_FAMILY = 1;
			};
			name = Debug;
		};
		76B1DDE822F882BD0026DA40 /* Release */ = {
			isa = XCBuildConfiguration;
			baseConfigurationReference = B52450D48C7723B1CC6632CF /* Pods-LastfmAlbums.release.xcconfig */;
			buildSettings = {
				ASSETCATALOG_COMPILER_APPICON_NAME = AppIcon;
				CODE_SIGN_STYLE = Automatic;
				DEVELOPMENT_TEAM = Y393JRR992;
				INFOPLIST_FILE = LastfmAlbums/Info.plist;
				IPHONEOS_DEPLOYMENT_TARGET = 10.0;
				LD_RUNPATH_SEARCH_PATHS = (
					"$(inherited)",
					"@executable_path/Frameworks",
				);
				PRODUCT_BUNDLE_IDENTIFIER = com.vcoolish.LastfmAlbums;
				PRODUCT_NAME = "$(TARGET_NAME)";
				SWIFT_VERSION = 5.0;
				TARGETED_DEVICE_FAMILY = 1;
			};
			name = Release;
		};
/* End XCBuildConfiguration section */

/* Begin XCConfigurationList section */
		76B1DDCF22F882BB0026DA40 /* Build configuration list for PBXProject "LastfmAlbums" */ = {
			isa = XCConfigurationList;
			buildConfigurations = (
				76B1DDE422F882BD0026DA40 /* Debug */,
				76B1DDE522F882BD0026DA40 /* Release */,
			);
			defaultConfigurationIsVisible = 0;
			defaultConfigurationName = Release;
		};
		76B1DDE622F882BD0026DA40 /* Build configuration list for PBXNativeTarget "LastfmAlbums" */ = {
			isa = XCConfigurationList;
			buildConfigurations = (
				76B1DDE722F882BD0026DA40 /* Debug */,
				76B1DDE822F882BD0026DA40 /* Release */,
			);
			defaultConfigurationIsVisible = 0;
			defaultConfigurationName = Release;
		};
/* End XCConfigurationList section */

/* Begin XCVersionGroup section */
		76B1DE1522F8838A0026DA40 /* AlbumFolks.xcdatamodeld */ = {
			isa = XCVersionGroup;
			children = (
				76B1DE1622F8838A0026DA40 /* AlbumFolks.xcdatamodel */,
			);
			currentVersion = 76B1DE1622F8838A0026DA40 /* AlbumFolks.xcdatamodel */;
			path = AlbumFolks.xcdatamodeld;
			sourceTree = "<group>";
			versionGroupType = wrapper.xcdatamodel;
		};
/* End XCVersionGroup section */
	};
	rootObject = 76B1DDCC22F882BB0026DA40 /* Project object */;
}
